
Microsoft Visual Studio Solution File, Format Version 12.00
# Visual Studio Version 16
VisualStudioVersion = 16.0.30517.126
MinimumVisualStudioVersion = 10.0.40219.1
Project("{FAE04EC0-301F-11D3-BF4B-00C04F79EFBC}") = "FrikiTeamWebApp", "FrikiTeamWebApp\FrikiTeamWebApp.csproj", "{1C862D73-B1EE-4087-B262-E7136B36D27B}"
EndProject
Global
	GlobalSection(SolutionConfigurationPlatforms) = preSolution
		Debug|Any CPU = Debug|Any CPU
		Release|Any CPU = Release|Any CPU
	EndGlobalSection
	GlobalSection(ProjectConfigurationPlatforms) = postSolution
		{1C862D73-B1EE-4087-B262-E7136B36D27B}.Debug|Any CPU.ActiveCfg = Debug|Any CPU
		{1C862D73-B1EE-4087-B262-E7136B36D27B}.Debug|Any CPU.Build.0 = Debug|Any CPU
		{1C862D73-B1EE-4087-B262-E7136B36D27B}.Release|Any CPU.ActiveCfg = Release|Any CPU
		{1C862D73-B1EE-4087-B262-E7136B36D27B}.Release|Any CPU.Build.0 = Release|Any CPU
	EndGlobalSection
	GlobalSection(SolutionProperties) = preSolution
		HideSolutionNode = FALSE
	EndGlobalSection
	GlobalSection(ExtensibilityGlobals) = postSolution
		SolutionGuid = {37012ECF-AE40-491F-A1C0-CD6897F62A31}
	EndGlobalSection
EndGlobal
